// !$*UTF8*$!
{
	archiveVersion = 1;
	classes = {
	};
	objectVersion = 77;
	objects = {

/* Begin PBXContainerItemProxy section */
		D02545122E401CF700A0C1B0 /* PBXContainerItemProxy */ = {
			isa = PBXContainerItemProxy;
			containerPortal = D02544F62E401CF600A0C1B0 /* Project object */;
			proxyType = 1;
			remoteGlobalIDString = D02544FD2E401CF600A0C1B0;
			remoteInfo = "Ultra Premium Tower Defense";
		};
		D025451C2E401CF700A0C1B0 /* PBXContainerItemProxy */ = {
			isa = PBXContainerItemProxy;
			containerPortal = D02544F62E401CF600A0C1B0 /* Project object */;
			proxyType = 1;
			remoteGlobalIDString = D02544FD2E401CF600A0C1B0;
			remoteInfo = "Ultra Premium Tower Defense";
		};
/* End PBXContainerItemProxy section */

/* Begin PBXFileReference section */
		D02544FE2E401CF600A0C1B0 /* Ultra Premium Tower Defense.app */ = {isa = PBXFileReference; explicitFileType = wrapper.application; includeInIndex = 0; path = "Ultra Premium Tower Defense.app"; sourceTree = BUILT_PRODUCTS_DIR; };
		D02545112E401CF700A0C1B0 /* Ultra Premium Tower DefenseTests.xctest */ = {isa = PBXFileReference; explicitFileType = wrapper.cfbundle; includeInIndex = 0; path = "Ultra Premium Tower DefenseTests.xctest"; sourceTree = BUILT_PRODUCTS_DIR; };
		D025451B2E401CF700A0C1B0 /* Ultra Premium Tower DefenseUITests.xctest */ = {isa = PBXFileReference; explicitFileType = wrapper.cfbundle; includeInIndex = 0; path = "Ultra Premium Tower DefenseUITests.xctest"; sourceTree = BUILT_PRODUCTS_DIR; };
/* End PBXFileReference section */

/* Begin PBXFileSystemSynchronizedBuildFileExceptionSet section */
		D02545312E401D3100A0C1B0 /* Exceptions for "Ultra Premium Tower Defense" folder in "Ultra Premium Tower Defense" target */ = {
			isa = PBXFileSystemSynchronizedBuildFileExceptionSet;
			membershipExceptions = (
				game.html,
			);
			target = D02544FD2E401CF600A0C1B0 /* Ultra Premium Tower Defense */;
		};
/* End PBXFileSystemSynchronizedBuildFileExceptionSet section */

/* Begin PBXFileSystemSynchronizedGroupBuildPhaseMembershipExceptionSet section */
		D02545322E401D3100A0C1B0 /* Exceptions for "Ultra Premium Tower Defense" folder in "Compile Sources" phase from "Ultra Premium Tower Defense" target */ = {
			isa = PBXFileSystemSynchronizedGroupBuildPhaseMembershipExceptionSet;
			buildPhase = D02544FA2E401CF600A0C1B0 /* Sources */;
			membershipExceptions = (
				game.html,
			);
		};
/* End PBXFileSystemSynchronizedGroupBuildPhaseMembershipExceptionSet section */

/* Begin PBXFileSystemSynchronizedRootGroup section */
		D02545002E401CF600A0C1B0 /* Ultra Premium Tower Defense */ = {
			isa = PBXFileSystemSynchronizedRootGroup;
			exceptions = (
				D02545312E401D3100A0C1B0 /* Exceptions for "Ultra Premium Tower Defense" folder in "Ultra Premium Tower Defense" target */,
				D02545322E401D3100A0C1B0 /* Exceptions for "Ultra Premium Tower Defense" folder in "Compile Sources" phase from "Ultra Premium Tower Defense" target */,
			);
			path = "Ultra Premium Tower Defense";
			sourceTree = "<group>";
		};
		D02545142E401CF700A0C1B0 /* Ultra Premium Tower DefenseTests */ = {
			isa = PBXFileSystemSynchronizedRootGroup;
			path = "Ultra Premium Tower DefenseTests";
			sourceTree = "<group>";
		};
		D025451E2E401CF700A0C1B0 /* Ultra Premium Tower DefenseUITests */ = {
			isa = PBXFileSystemSynchronizedRootGroup;
			path = "Ultra Premium Tower DefenseUITests";
			sourceTree = "<group>";
		};
/* End PBXFileSystemSynchronizedRootGroup section */

/* Begin PBXFrameworksBuildPhase section */
		D02544FB2E401CF600A0C1B0 /* Frameworks */ = {
			isa = PBXFrameworksBuildPhase;
			buildActionMask = 2147483647;
			files = (
			);
			runOnlyForDeploymentPostprocessing = 0;
		};
		D025450E2E401CF700A0C1B0 /* Frameworks */ = {
			isa = PBXFrameworksBuildPhase;
			buildActionMask = 2147483647;
			files = (
			);
			runOnlyForDeploymentPostprocessing = 0;
		};
		D02545182E401CF700A0C1B0 /* Frameworks */ = {
			isa = PBXFrameworksBuildPhase;
			buildActionMask = 2147483647;
			files = (
			);
			runOnlyForDeploymentPostprocessing = 0;
		};
/* End PBXFrameworksBuildPhase section */

/* Begin PBXGroup section */
		D02544F52E401CF600A0C1B0 = {
			isa = PBXGroup;
			children = (
				D02545002E401CF600A0C1B0 /* Ultra Premium Tower Defense */,
				D02545142E401CF700A0C1B0 /* Ultra Premium Tower DefenseTests */,
				D025451E2E401CF700A0C1B0 /* Ultra Premium Tower DefenseUITests */,
				D02544FF2E401CF600A0C1B0 /* Products */,
			);
			sourceTree = "<group>";
		};
		D02544FF2E401CF600A0C1B0 /* Products */ = {
			isa = PBXGroup;
			children = (
				D02544FE2E401CF600A0C1B0 /* Ultra Premium Tower Defense.app */,
				D02545112E401CF700A0C1B0 /* Ultra Premium Tower DefenseTests.xctest */,
				D025451B2E401CF700A0C1B0 /* Ultra Premium Tower DefenseUITests.xctest */,
			);
			name = Products;
			sourceTree = "<group>";
		};
/* End PBXGroup section */

/* Begin PBXNativeTarget section */
		D02544FD2E401CF600A0C1B0 /* Ultra Premium Tower Defense */ = {
			isa = PBXNativeTarget;
			buildConfigurationList = D02545252E401CF700A0C1B0 /* Build configuration list for PBXNativeTarget "Ultra Premium Tower Defense" */;
			buildPhases = (
				D02544FA2E401CF600A0C1B0 /* Sources */,
				D02544FB2E401CF600A0C1B0 /* Frameworks */,
				D02544FC2E401CF600A0C1B0 /* Resources */,
			);
			buildRules = (
			);
			dependencies = (
			);
			fileSystemSynchronizedGroups = (
				D02545002E401CF600A0C1B0 /* Ultra Premium Tower Defense */,
			);
			name = "Ultra Premium Tower Defense";
			packageProductDependencies = (
			);
			productName = "Ultra Premium Tower Defense";
			productReference = D02544FE2E401CF600A0C1B0 /* Ultra Premium Tower Defense.app */;
			productType = "com.apple.product-type.application";
		};
		D02545102E401CF700A0C1B0 /* Ultra Premium Tower DefenseTests */ = {
			isa = PBXNativeTarget;
			buildConfigurationList = D02545282E401CF700A0C1B0 /* Build configuration list for PBXNativeTarget "Ultra Premium Tower DefenseTests" */;
			buildPhases = (
				D025450D2E401CF700A0C1B0 /* Sources */,
				D025450E2E401CF700A0C1B0 /* Frameworks */,
				D025450F2E401CF700A0C1B0 /* Resources */,
			);
			buildRules = (
			);
			dependencies = (
				D02545132E401CF700A0C1B0 /* PBXTargetDependency */,
			);
			fileSystemSynchronizedGroups = (
				D02545142E401CF700A0C1B0 /* Ultra Premium Tower DefenseTests */,
			);
			name = "Ultra Premium Tower DefenseTests";
			packageProductDependencies = (
			);
			productName = "Ultra Premium Tower DefenseTests";
			productReference = D02545112E401CF700A0C1B0 /* Ultra Premium Tower DefenseTests.xctest */;
			productType = "com.apple.product-type.bundle.unit-test";
		};
		D025451A2E401CF700A0C1B0 /* Ultra Premium Tower DefenseUITests */ = {
			isa = PBXNativeTarget;
			buildConfigurationList = D025452B2E401CF700A0C1B0 /* Build configuration list for PBXNativeTarget "Ultra Premium Tower DefenseUITests" */;
			buildPhases = (
				D02545172E401CF700A0C1B0 /* Sources */,
				D02545182E401CF700A0C1B0 /* Frameworks */,
				D02545192E401CF700A0C1B0 /* Resources */,
			);
			buildRules = (
			);
			dependencies = (
				D025451D2E401CF700A0C1B0 /* PBXTargetDependency */,
			);
			fileSystemSynchronizedGroups = (
				D025451E2E401CF700A0C1B0 /* Ultra Premium Tower DefenseUITests */,
			);
			name = "Ultra Premium Tower DefenseUITests";
			packageProductDependencies = (
			);
			productName = "Ultra Premium Tower DefenseUITests";
			productReference = D025451B2E401CF700A0C1B0 /* Ultra Premium Tower DefenseUITests.xctest */;
			productType = "com.apple.product-type.bundle.ui-testing";
		};
/* End PBXNativeTarget section */

/* Begin PBXProject section */
		D02544F62E401CF600A0C1B0 /* Project object */ = {
			isa = PBXProject;
			attributes = {
				BuildIndependentTargetsInParallel = 1;
				LastSwiftUpdateCheck = 1640;
				LastUpgradeCheck = 1640;
				TargetAttributes = {
					D02544FD2E401CF600A0C1B0 = {
						CreatedOnToolsVersion = 16.4;
					};
					D02545102E401CF700A0C1B0 = {
						CreatedOnToolsVersion = 16.4;
						TestTargetID = D02544FD2E401CF600A0C1B0;
					};
					D025451A2E401CF700A0C1B0 = {
						CreatedOnToolsVersion = 16.4;
						TestTargetID = D02544FD2E401CF600A0C1B0;
					};
				};
			};
			buildConfigurationList = D02544F92E401CF600A0C1B0 /* Build configuration list for PBXProject "Ultra Premium Tower Defense" */;
			developmentRegion = en;
			hasScannedForEncodings = 0;
			knownRegions = (
				en,
				Base,
			);
			mainGroup = D02544F52E401CF600A0C1B0;
			minimizedProjectReferenceProxies = 1;
			preferredProjectObjectVersion = 77;
			productRefGroup = D02544FF2E401CF600A0C1B0 /* Products */;
			projectDirPath = "";
			projectRoot = "";
			targets = (
				D02544FD2E401CF600A0C1B0 /* Ultra Premium Tower Defense */,
				D02545102E401CF700A0C1B0 /* Ultra Premium Tower DefenseTests */,
				D025451A2E401CF700A0C1B0 /* Ultra Premium Tower DefenseUITests */,
			);
		};
/* End PBXProject section */

/* Begin PBXResourcesBuildPhase section */
		D02544FC2E401CF600A0C1B0 /* Resources */ = {
			isa = PBXResourcesBuildPhase;
			buildActionMask = 2147483647;
			files = (
			);
			runOnlyForDeploymentPostprocessing = 0;
		};
		D025450F2E401CF700A0C1B0 /* Resources */ = {
			isa = PBXResourcesBuildPhase;
			buildActionMask = 2147483647;
			files = (
			);
			runOnlyForDeploymentPostprocessing = 0;
		};
		D02545192E401CF700A0C1B0 /* Resources */ = {
			isa = PBXResourcesBuildPhase;
			buildActionMask = 2147483647;
			files = (
			);
			runOnlyForDeploymentPostprocessing = 0;
		};
/* End PBXResourcesBuildPhase section */

/* Begin PBXSourcesBuildPhase section */
		D02544FA2E401CF600A0C1B0 /* Sources */ = {
			isa = PBXSourcesBuildPhase;
			buildActionMask = 2147483647;
			files = (
			);
			runOnlyForDeploymentPostprocessing = 0;
		};
		D025450D2E401CF700A0C1B0 /* Sources */ = {
			isa = PBXSourcesBuildPhase;
			buildActionMask = 2147483647;
			files = (
			);
			runOnlyForDeploymentPostprocessing = 0;
		};
		D02545172E401CF700A0C1B0 /* Sources */ = {
			isa = PBXSourcesBuildPhase;
			buildActionMask = 2147483647;
			files = (
			);
			runOnlyForDeploymentPostprocessing = 0;
		};
/* End PBXSourcesBuildPhase section */

/* Begin PBXTargetDependency section */
		D02545132E401CF700A0C1B0 /* PBXTargetDependency */ = {
			isa = PBXTargetDependency;
			target = D02544FD2E401CF600A0C1B0 /* Ultra Premium Tower Defense */;
			targetProxy = D02545122E401CF700A0C1B0 /* PBXContainerItemProxy */;
		};
		D025451D2E401CF700A0C1B0 /* PBXTargetDependency */ = {
			isa = PBXTargetDependency;
			target = D02544FD2E401CF600A0C1B0 /* Ultra Premium Tower Defense */;
			targetProxy = D025451C2E401CF700A0C1B0 /* PBXContainerItemProxy */;
		};
/* End PBXTargetDependency section */

/* Begin XCBuildConfiguration section */
		D02545232E401CF700A0C1B0 /* Debug */ = {
			isa = XCBuildConfiguration;
			buildSettings = {
				ALWAYS_SEARCH_USER_PATHS = NO;
				ASSETCATALOG_COMPILER_GENERATE_SWIFT_ASSET_SYMBOL_EXTENSIONS = YES;
				CLANG_ANALYZER_NONNULL = YES;
				CLANG_ANALYZER_NUMBER_OBJECT_CONVERSION = YES_AGGRESSIVE;
				CLANG_CXX_LANGUAGE_STANDARD = "gnu++20";
				CLANG_ENABLE_MODULES = YES;
				CLANG_ENABLE_OBJC_ARC = YES;
				CLANG_ENABLE_OBJC_WEAK = YES;
				CLANG_WARN_BLOCK_CAPTURE_AUTORELEASING = YES;
				CLANG_WARN_BOOL_CONVERSION = YES;
				CLANG_WARN_COMMA = YES;
				CLANG_WARN_CONSTANT_CONVERSION = YES;
				CLANG_WARN_DEPRECATED_OBJC_IMPLEMENTATIONS = YES;
				CLANG_WARN_DIRECT_OBJC_ISA_USAGE = YES_ERROR;
				CLANG_WARN_DOCUMENTATION_COMMENTS = YES;
				CLANG_WARN_EMPTY_BODY = YES;
				CLANG_WARN_ENUM_CONVERSION = YES;
				CLANG_WARN_INFINITE_RECURSION = YES;
				CLANG_WARN_INT_CONVERSION = YES;
				CLANG_WARN_NON_LITERAL_NULL_CONVERSION = YES;
				CLANG_WARN_OBJC_IMPLICIT_RETAIN_SELF = YES;
				CLANG_WARN_OBJC_LITERAL_CONVERSION = YES;
				CLANG_WARN_OBJC_ROOT_CLASS = YES_ERROR;
				CLANG_WARN_QUOTED_INCLUDE_IN_FRAMEWORK_HEADER = YES;
				CLANG_WARN_RANGE_LOOP_ANALYSIS = YES;
				CLANG_WARN_STRICT_PROTOTYPES = YES;
				CLANG_WARN_SUSPICIOUS_MOVE = YES;
				CLANG_WARN_UNGUARDED_AVAILABILITY = YES_AGGRESSIVE;
				CLANG_WARN_UNREACHABLE_CODE = YES;
				CLANG_WARN__DUPLICATE_METHOD_MATCH = YES;
				COPY_PHASE_STRIP = NO;
				DEBUG_INFORMATION_FORMAT = dwarf;
				ENABLE_STRICT_OBJC_MSGSEND = YES;
				ENABLE_TESTABILITY = YES;
				ENABLE_USER_SCRIPT_SANDBOXING = YES;
				GCC_C_LANGUAGE_STANDARD = gnu17;
				GCC_DYNAMIC_NO_PIC = NO;
				GCC_NO_COMMON_BLOCKS = YES;
				GCC_OPTIMIZATION_LEVEL = 0;
				GCC_PREPROCESSOR_DEFINITIONS = (
					"DEBUG=1",
					"$(inherited)",
				);
				GCC_WARN_64_TO_32_BIT_CONVERSION = YES;
				GCC_WARN_ABOUT_RETURN_TYPE = YES_ERROR;
				GCC_WARN_UNDECLARED_SELECTOR = YES;
				GCC_WARN_UNINITIALIZED_AUTOS = YES_AGGRESSIVE;
				GCC_WARN_UNUSED_FUNCTION = YES;
				GCC_WARN_UNUSED_VARIABLE = YES;
				LOCALIZATION_PREFERS_STRING_CATALOGS = YES;
				MACOSX_DEPLOYMENT_TARGET = 15.5;
				MTL_ENABLE_DEBUG_INFO = INCLUDE_SOURCE;
				MTL_FAST_MATH = YES;
				ONLY_ACTIVE_ARCH = YES;
				SDKROOT = macosx;
				SWIFT_ACTIVE_COMPILATION_CONDITIONS = "DEBUG $(inherited)";
				SWIFT_OPTIMIZATION_LEVEL = "-Onone";
			};
			name = Debug;
		};
		D02545242E401CF700A0C1B0 /* Release */ = {
			isa = XCBuildConfiguration;
			buildSettings = {
				ALWAYS_SEARCH_USER_PATHS = NO;
				ASSETCATALOG_COMPILER_GENERATE_SWIFT_ASSET_SYMBOL_EXTENSIONS = YES;
				CLANG_ANALYZER_NONNULL = YES;
				CLANG_ANALYZER_NUMBER_OBJECT_CONVERSION = YES_AGGRESSIVE;
				CLANG_CXX_LANGUAGE_STANDARD = "gnu++20";
				CLANG_ENABLE_MODULES = YES;
				CLANG_ENABLE_OBJC_ARC = YES;
				CLANG_ENABLE_OBJC_WEAK = YES;
				CLANG_WARN_BLOCK_CAPTURE_AUTORELEASING = YES;
				CLANG_WARN_BOOL_CONVERSION = YES;
				CLANG_WARN_COMMA = YES;
				CLANG_WARN_CONSTANT_CONVERSION = YES;
				CLANG_WARN_DEPRECATED_OBJC_IMPLEMENTATIONS = YES;
				CLANG_WARN_DIRECT_OBJC_ISA_USAGE = YES_ERROR;
				CLANG_WARN_DOCUMENTATION_COMMENTS = YES;
				CLANG_WARN_EMPTY_BODY = YES;
				CLANG_WARN_ENUM_CONVERSION = YES;
				CLANG_WARN_INFINITE_RECURSION = YES;
				CLANG_WARN_INT_CONVERSION = YES;
				CLANG_WARN_NON_LITERAL_NULL_CONVERSION = YES;
				CLANG_WARN_OBJC_IMPLICIT_RETAIN_SELF = YES;
				CLANG_WARN_OBJC_LITERAL_CONVERSION = YES;
				CLANG_WARN_OBJC_ROOT_CLASS = YES_ERROR;
				CLANG_WARN_QUOTED_INCLUDE_IN_FRAMEWORK_HEADER = YES;
				CLANG_WARN_RANGE_LOOP_ANALYSIS = YES;
				CLANG_WARN_STRICT_PROTOTYPES = YES;
				CLANG_WARN_SUSPICIOUS_MOVE = YES;
				CLANG_WARN_UNGUARDED_AVAILABILITY = YES_AGGRESSIVE;
				CLANG_WARN_UNREACHABLE_CODE = YES;
				CLANG_WARN__DUPLICATE_METHOD_MATCH = YES;
				COPY_PHASE_STRIP = NO;
				DEBUG_INFORMATION_FORMAT = "dwarf-with-dsym";
				ENABLE_NS_ASSERTIONS = NO;
				ENABLE_STRICT_OBJC_MSGSEND = YES;
				ENABLE_USER_SCRIPT_SANDBOXING = YES;
				GCC_C_LANGUAGE_STANDARD = gnu17;
				GCC_NO_COMMON_BLOCKS = YES;
				GCC_WARN_64_TO_32_BIT_CONVERSION = YES;
				GCC_WARN_ABOUT_RETURN_TYPE = YES_ERROR;
				GCC_WARN_UNDECLARED_SELECTOR = YES;
				GCC_WARN_UNINITIALIZED_AUTOS = YES_AGGRESSIVE;
				GCC_WARN_UNUSED_FUNCTION = YES;
				GCC_WARN_UNUSED_VARIABLE = YES;
				LOCALIZATION_PREFERS_STRING_CATALOGS = YES;
				MACOSX_DEPLOYMENT_TARGET = 15.5;
				MTL_ENABLE_DEBUG_INFO = NO;
				MTL_FAST_MATH = YES;
				SDKROOT = macosx;
				SWIFT_COMPILATION_MODE = wholemodule;
			};
			name = Release;
		};
		D02545262E401CF700A0C1B0 /* Debug */ = {
			isa = XCBuildConfiguration;
			buildSettings = {
				ASSETCATALOG_COMPILER_APPICON_NAME = AppIcon;
				ASSETCATALOG_COMPILER_GLOBAL_ACCENT_COLOR_NAME = AccentColor;
				CODE_SIGN_ENTITLEMENTS = "Ultra Premium Tower Defense/Ultra_Premium_Tower_Defense.entitlements";
				CODE_SIGN_STYLE = Automatic;
				COMBINE_HIDPI_IMAGES = YES;
				CURRENT_PROJECT_VERSION = 1;
				ENABLE_PREVIEWS = YES;
				GENERATE_INFOPLIST_FILE = YES;
				INFOPLIST_KEY_NSHumanReadableCopyright = "";
				LD_RUNPATH_SEARCH_PATHS = (
					"$(inherited)",
					"@executable_path/../Frameworks",
				);
				MARKETING_VERSION = 1.0;
				PRODUCT_BUNDLE_IDENTIFIER = "com.jamesalford.Ultra-Premium-Tower-Defense";
				PRODUCT_NAME = "$(TARGET_NAME)";
				REGISTER_APP_GROUPS = YES;
				SWIFT_EMIT_LOC_STRINGS = YES;
				SWIFT_VERSION = 5.0;
			};
			name = Debug;
		};
		D02545272E401CF700A0C1B0 /* Release */ = {
			isa = XCBuildConfiguration;
			buildSettings = {
				ASSETCATALOG_COMPILER_APPICON_NAME = AppIcon;
				ASSETCATALOG_COMPILER_GLOBAL_ACCENT_COLOR_NAME = AccentColor;
				CODE_SIGN_ENTITLEMENTS = "Ultra Premium Tower Defense/Ultra_Premium_Tower_Defense.entitlements";
				CODE_SIGN_STYLE = Automatic;
				COMBINE_HIDPI_IMAGES = YES;
				CURRENT_PROJECT_VERSION = 1;
				ENABLE_PREVIEWS = YES;
				GENERATE_INFOPLIST_FILE = YES;
				INFOPLIST_KEY_NSHumanReadableCopyright = "";
				LD_RUNPATH_SEARCH_PATHS = (
					"$(inherited)",
					"@executable_path/../Frameworks",
				);
				MARKETING_VERSION = 1.0;
				PRODUCT_BUNDLE_IDENTIFIER = "com.jamesalford.Ultra-Premium-Tower-Defense";
				PRODUCT_NAME = "$(TARGET_NAME)";
				REGISTER_APP_GROUPS = YES;
				SWIFT_EMIT_LOC_STRINGS = YES;
				SWIFT_VERSION = 5.0;
			};
			name = Release;
		};
		D02545292E401CF700A0C1B0 /* Debug */ = {
			isa = XCBuildConfiguration;
			buildSettings = {
				BUNDLE_LOADER = "$(TEST_HOST)";
				CODE_SIGN_STYLE = Automatic;
				CURRENT_PROJECT_VERSION = 1;
				GENERATE_INFOPLIST_FILE = YES;
				MACOSX_DEPLOYMENT_TARGET = 15.5;
				MARKETING_VERSION = 1.0;
				PRODUCT_BUNDLE_IDENTIFIER = "com.jamesalford.Ultra-Premium-Tower-DefenseTests";
				PRODUCT_NAME = "$(TARGET_NAME)";
				SWIFT_EMIT_LOC_STRINGS = NO;
				SWIFT_VERSION = 5.0;
				TEST_HOST = "$(BUILT_PRODUCTS_DIR)/Ultra Premium Tower Defense.app/$(BUNDLE_EXECUTABLE_FOLDER_PATH)/Ultra Premium Tower Defense";
			};
			name = Debug;
		};
		D025452A2E401CF700A0C1B0 /* Release */ = {
			isa = XCBuildConfiguration;
			buildSettings = {
				BUNDLE_LOADER = "$(TEST_HOST)";
				CODE_SIGN_STYLE = Automatic;
				CURRENT_PROJECT_VERSION = 1;
				GENERATE_INFOPLIST_FILE = YES;
				MACOSX_DEPLOYMENT_TARGET = 15.5;
				MARKETING_VERSION = 1.0;
				PRODUCT_BUNDLE_IDENTIFIER = "com.jamesalford.Ultra-Premium-Tower-DefenseTests";
				PRODUCT_NAME = "$(TARGET_NAME)";
				SWIFT_EMIT_LOC_STRINGS = NO;
				SWIFT_VERSION = 5.0;
				TEST_HOST = "$(BUILT_PRODUCTS_DIR)/Ultra Premium Tower Defense.app/$(BUNDLE_EXECUTABLE_FOLDER_PATH)/Ultra Premium Tower Defense";
			};
			name = Release;
		};
		D025452C2E401CF700A0C1B0 /* Debug */ = {
			isa = XCBuildConfiguration;
			buildSettings = {
				CODE_SIGN_STYLE = Automatic;
				CURRENT_PROJECT_VERSION = 1;
				GENERATE_INFOPLIST_FILE = YES;
				MARKETING_VERSION = 1.0;
				PRODUCT_BUNDLE_IDENTIFIER = "com.jamesalford.Ultra-Premium-Tower-DefenseUITests";
				PRODUCT_NAME = "$(TARGET_NAME)";
				SWIFT_EMIT_LOC_STRINGS = NO;
				SWIFT_VERSION = 5.0;
				TEST_TARGET_NAME = "Ultra Premium Tower Defense";
			};
			name = Debug;
		};
		D025452D2E401CF700A0C1B0 /* Release */ = {
			isa = XCBuildConfiguration;
			buildSettings = {
				CODE_SIGN_STYLE = Automatic;
				CURRENT_PROJECT_VERSION = 1;
				GENERATE_INFOPLIST_FILE = YES;
				MARKETING_VERSION = 1.0;
				PRODUCT_BUNDLE_IDENTIFIER = "com.jamesalford.Ultra-Premium-Tower-DefenseUITests";
				PRODUCT_NAME = "$(TARGET_NAME)";
				SWIFT_EMIT_LOC_STRINGS = NO;
				SWIFT_VERSION = 5.0;
				TEST_TARGET_NAME = "Ultra Premium Tower Defense";
			};
			name = Release;
		};
/* End XCBuildConfiguration section */

/* Begin XCConfigurationList section */
		D02544F92E401CF600A0C1B0 /* Build configuration list for PBXProject "Ultra Premium Tower Defense" */ = {
			isa = XCConfigurationList;
			buildConfigurations = (
				D02545232E401CF700A0C1B0 /* Debug */,
				D02545242E401CF700A0C1B0 /* Release */,
			);
			defaultConfigurationIsVisible = 0;
			defaultConfigurationName = Release;
		};
		D02545252E401CF700A0C1B0 /* Build configuration list for PBXNativeTarget "Ultra Premium Tower Defense" */ = {
			isa = XCConfigurationList;
			buildConfigurations = (
				D02545262E401CF700A0C1B0 /* Debug */,
				D02545272E401CF700A0C1B0 /* Release */,
			);
			defaultConfigurationIsVisible = 0;
			defaultConfigurationName = Release;
		};
		D02545282E401CF700A0C1B0 /* Build configuration list for PBXNativeTarget "Ultra Premium Tower DefenseTests" */ = {
			isa = XCConfigurationList;
			buildConfigurations = (
				D02545292E401CF700A0C1B0 /* Debug */,
				D025452A2E401CF700A0C1B0 /* Release */,
			);
			defaultConfigurationIsVisible = 0;
			defaultConfigurationName = Release;
		};
		D025452B2E401CF700A0C1B0 /* Build configuration list for PBXNativeTarget "Ultra Premium Tower DefenseUITests" */ = {
			isa = XCConfigurationList;
			buildConfigurations = (
				D025452C2E401CF700A0C1B0 /* Debug */,
				D025452D2E401CF700A0C1B0 /* Release */,
			);
			defaultConfigurationIsVisible = 0;
			defaultConfigurationName = Release;
		};
/* End XCConfigurationList section */
	};
	rootObject = D02544F62E401CF600A0C1B0 /* Project object */;
}
